
Microsoft Visual Studio Solution File, Format Version 12.00
# Visual Studio Version 17
VisualStudioVersion = 17.5.33502.453
MinimumVisualStudioVersion = 10.0.40219.1
Project("{9A19103F-16F7-4668-BE54-9A1E7A4F7556}") = "BlazorApp1.Server", "BlazorApp1\Server\BlazorApp1.Server.csproj", "{FA206976-4DE1-447C-A85E-BD2027F88F48}"
EndProject
Project("{9A19103F-16F7-4668-BE54-9A1E7A4F7556}") = "BlazorApp1.Client", "BlazorApp1\Client\BlazorApp1.Client.csproj", "{3F149015-36B3-4BAF-B42C-6C549106AA3E}"
EndProject
Project("{9A19103F-16F7-4668-BE54-9A1E7A4F7556}") = "BlazorApp1.Shared", "BlazorApp1\Shared\BlazorApp1.Shared.csproj", "{B77DE17C-8C96-432B-B6A8-C812508696A0}"
EndProject
Project("{2150E333-8FDC-42A3-9474-1A3956D46DE8}") = "Solution Items", "Solution Items", "{B32477B5-920D-458B-B15F-0A508BB4F702}"
	ProjectSection(SolutionItems) = preProject
		..\README.md = ..\README.md
	EndProjectSection
EndProject
Global
	GlobalSection(SolutionConfigurationPlatforms) = preSolution
		Debug|Any CPU = Debug|Any CPU
		Release|Any CPU = Release|Any CPU
	EndGlobalSection
	GlobalSection(ProjectConfigurationPlatforms) = postSolution
		{FA206976-4DE1-447C-A85E-BD2027F88F48}.Debug|Any CPU.ActiveCfg = Debug|Any CPU
		{FA206976-4DE1-447C-A85E-BD2027F88F48}.Debug|Any CPU.Build.0 = Debug|Any CPU
		{FA206976-4DE1-447C-A85E-BD2027F88F48}.Release|Any CPU.ActiveCfg = Release|Any CPU
		{FA206976-4DE1-447C-A85E-BD2027F88F48}.Release|Any CPU.Build.0 = Release|Any CPU
		{3F149015-36B3-4BAF-B42C-6C549106AA3E}.Debug|Any CPU.ActiveCfg = Debug|Any CPU
		{3F149015-36B3-4BAF-B42C-6C549106AA3E}.Debug|Any CPU.Build.0 = Debug|Any CPU
		{3F149015-36B3-4BAF-B42C-6C549106AA3E}.Release|Any CPU.ActiveCfg = Release|Any CPU
		{3F149015-36B3-4BAF-B42C-6C549106AA3E}.Release|Any CPU.Build.0 = Release|Any CPU
		{B77DE17C-8C96-432B-B6A8-C812508696A0}.Debug|Any CPU.ActiveCfg = Debug|Any CPU
		{B77DE17C-8C96-432B-B6A8-C812508696A0}.Debug|Any CPU.Build.0 = Debug|Any CPU
		{B77DE17C-8C96-432B-B6A8-C812508696A0}.Release|Any CPU.ActiveCfg = Release|Any CPU
		{B77DE17C-8C96-432B-B6A8-C812508696A0}.Release|Any CPU.Build.0 = Release|Any CPU
	EndGlobalSection
	GlobalSection(SolutionProperties) = preSolution
		HideSolutionNode = FALSE
	EndGlobalSection
	GlobalSection(ExtensibilityGlobals) = postSolution
		SolutionGuid = {2E4FD675-BB16-4EA5-8A9E-CA563B065EE4}
	EndGlobalSection
EndGlobal
